// !$*UTF8*$!
{
	archiveVersion = 1;
	classes = {
	};
	objectVersion = 56;
	objects = {

/* Begin PBXBuildFile section */
		E90FA3292A928E830001AC53 /* AuthenticationModel.swift in Sources */ = {isa = PBXBuildFile; fileRef = E90FA3282A928E830001AC53 /* AuthenticationModel.swift */; };
		E90FA32D2A928F650001AC53 /* SignupViewController.swift in Sources */ = {isa = PBXBuildFile; fileRef = E90FA32C2A928F650001AC53 /* SignupViewController.swift */; };
		E90FA32F2A928F830001AC53 /* SigninViewController.swift in Sources */ = {isa = PBXBuildFile; fileRef = E90FA32E2A928F830001AC53 /* SigninViewController.swift */; };
		E90FA3312A928FB20001AC53 /* HelpViewController.swift in Sources */ = {isa = PBXBuildFile; fileRef = E90FA3302A928FB20001AC53 /* HelpViewController.swift */; };
		E90FA3342A928FEB0001AC53 /* DrinkDataModel.swift in Sources */ = {isa = PBXBuildFile; fileRef = E90FA3332A928FEB0001AC53 /* DrinkDataModel.swift */; };
		E90FA3372A9292B90001AC53 /* AuthenticationManager.swift in Sources */ = {isa = PBXBuildFile; fileRef = E90FA3362A9292B90001AC53 /* AuthenticationManager.swift */; };
		E90FA3392A9292C60001AC53 /* DrinkDataManager.swift in Sources */ = {isa = PBXBuildFile; fileRef = E90FA3382A9292C60001AC53 /* DrinkDataManager.swift */; };
		E9252F3C2A90FEBF00D8A6CE /* AppDelegate.swift in Sources */ = {isa = PBXBuildFile; fileRef = E9252F3B2A90FEBF00D8A6CE /* AppDelegate.swift */; };
		E9252F3E2A90FEBF00D8A6CE /* SceneDelegate.swift in Sources */ = {isa = PBXBuildFile; fileRef = E9252F3D2A90FEBF00D8A6CE /* SceneDelegate.swift */; };
		E9252F402A90FEBF00D8A6CE /* DrinkDataViewController.swift in Sources */ = {isa = PBXBuildFile; fileRef = E9252F3F2A90FEBF00D8A6CE /* DrinkDataViewController.swift */; };
		E9252F432A90FEBF00D8A6CE /* Main.storyboard in Resources */ = {isa = PBXBuildFile; fileRef = E9252F412A90FEBF00D8A6CE /* Main.storyboard */; };
		E9252F452A90FEC000D8A6CE /* Assets.xcassets in Resources */ = {isa = PBXBuildFile; fileRef = E9252F442A90FEC000D8A6CE /* Assets.xcassets */; };
		E9252F482A90FEC000D8A6CE /* LaunchScreen.storyboard in Resources */ = {isa = PBXBuildFile; fileRef = E9252F462A90FEC000D8A6CE /* LaunchScreen.storyboard */; };
/* End PBXBuildFile section */

/* Begin PBXFileReference section */
		E90FA3282A928E830001AC53 /* AuthenticationModel.swift */ = {isa = PBXFileReference; lastKnownFileType = sourcecode.swift; path = AuthenticationModel.swift; sourceTree = "<group>"; };
		E90FA32C2A928F650001AC53 /* SignupViewController.swift */ = {isa = PBXFileReference; lastKnownFileType = sourcecode.swift; path = SignupViewController.swift; sourceTree = "<group>"; };
		E90FA32E2A928F830001AC53 /* SigninViewController.swift */ = {isa = PBXFileReference; lastKnownFileType = sourcecode.swift; path = SigninViewController.swift; sourceTree = "<group>"; };
		E90FA3302A928FB20001AC53 /* HelpViewController.swift */ = {isa = PBXFileReference; lastKnownFileType = sourcecode.swift; path = HelpViewController.swift; sourceTree = "<group>"; };
		E90FA3332A928FEB0001AC53 /* DrinkDataModel.swift */ = {isa = PBXFileReference; lastKnownFileType = sourcecode.swift; path = DrinkDataModel.swift; sourceTree = "<group>"; };
		E90FA3362A9292B90001AC53 /* AuthenticationManager.swift */ = {isa = PBXFileReference; lastKnownFileType = sourcecode.swift; path = AuthenticationManager.swift; sourceTree = "<group>"; };
		E90FA3382A9292C60001AC53 /* DrinkDataManager.swift */ = {isa = PBXFileReference; lastKnownFileType = sourcecode.swift; path = DrinkDataManager.swift; sourceTree = "<group>"; };
		E9252F382A90FEBF00D8A6CE /* Drink Diary.app */ = {isa = PBXFileReference; explicitFileType = wrapper.application; includeInIndex = 0; path = "Drink Diary.app"; sourceTree = BUILT_PRODUCTS_DIR; };
		E9252F3B2A90FEBF00D8A6CE /* AppDelegate.swift */ = {isa = PBXFileReference; lastKnownFileType = sourcecode.swift; path = AppDelegate.swift; sourceTree = "<group>"; };
		E9252F3D2A90FEBF00D8A6CE /* SceneDelegate.swift */ = {isa = PBXFileReference; lastKnownFileType = sourcecode.swift; path = SceneDelegate.swift; sourceTree = "<group>"; };
		E9252F3F2A90FEBF00D8A6CE /* DrinkDataViewController.swift */ = {isa = PBXFileReference; lastKnownFileType = sourcecode.swift; path = DrinkDataViewController.swift; sourceTree = "<group>"; };
		E9252F422A90FEBF00D8A6CE /* Base */ = {isa = PBXFileReference; lastKnownFileType = file.storyboard; name = Base; path = Base.lproj/Main.storyboard; sourceTree = "<group>"; };
		E9252F442A90FEC000D8A6CE /* Assets.xcassets */ = {isa = PBXFileReference; lastKnownFileType = folder.assetcatalog; path = Assets.xcassets; sourceTree = "<group>"; };
		E9252F472A90FEC000D8A6CE /* Base */ = {isa = PBXFileReference; lastKnownFileType = file.storyboard; name = Base; path = Base.lproj/LaunchScreen.storyboard; sourceTree = "<group>"; };
		E9252F492A90FEC000D8A6CE /* Info.plist */ = {isa = PBXFileReference; lastKnownFileType = text.plist.xml; path = Info.plist; sourceTree = "<group>"; };
/* End PBXFileReference section */

/* Begin PBXFrameworksBuildPhase section */
		E9252F352A90FEBF00D8A6CE /* Frameworks */ = {
			isa = PBXFrameworksBuildPhase;
			buildActionMask = 2147483647;
			files = (
			);
			runOnlyForDeploymentPostprocessing = 0;
		};
/* End PBXFrameworksBuildPhase section */

/* Begin PBXGroup section */
		E90FA3262A928E4F0001AC53 /* Views */ = {
			isa = PBXGroup;
			children = (
				E9252F412A90FEBF00D8A6CE /* Main.storyboard */,
				E9252F462A90FEC000D8A6CE /* LaunchScreen.storyboard */,
			);
			path = Views;
			sourceTree = "<group>";
		};
		E90FA3272A928E600001AC53 /* Controllers */ = {
			isa = PBXGroup;
			children = (
				E9252F3F2A90FEBF00D8A6CE /* DrinkDataViewController.swift */,
				E90FA32C2A928F650001AC53 /* SignupViewController.swift */,
				E90FA32E2A928F830001AC53 /* SigninViewController.swift */,
				E90FA3302A928FB20001AC53 /* HelpViewController.swift */,
			);
			path = Controllers;
			sourceTree = "<group>";
		};
		E90FA32B2A928EB10001AC53 /* Models */ = {
			isa = PBXGroup;
			children = (
				E90FA3322A928FCF0001AC53 /* Authentication */,
				E90FA3352A928FEF0001AC53 /* DrinkData */,
			);
			path = Models;
			sourceTree = "<group>";
		};
		E90FA3322A928FCF0001AC53 /* Authentication */ = {
			isa = PBXGroup;
			children = (
				E90FA3282A928E830001AC53 /* AuthenticationModel.swift */,
				E90FA3362A9292B90001AC53 /* AuthenticationManager.swift */,
			);
			path = Authentication;
			sourceTree = "<group>";
		};
		E90FA3352A928FEF0001AC53 /* DrinkData */ = {
			isa = PBXGroup;
			children = (
				E90FA3332A928FEB0001AC53 /* DrinkDataModel.swift */,
				E90FA3382A9292C60001AC53 /* DrinkDataManager.swift */,
			);
			path = DrinkData;
			sourceTree = "<group>";
		};
		E9252F2F2A90FEBF00D8A6CE = {
			isa = PBXGroup;
			children = (
				E9252F3A2A90FEBF00D8A6CE /* Drink Diary */,
				E9252F392A90FEBF00D8A6CE /* Products */,
			);
			sourceTree = "<group>";
		};
		E9252F392A90FEBF00D8A6CE /* Products */ = {
			isa = PBXGroup;
			children = (
				E9252F382A90FEBF00D8A6CE /* Drink Diary.app */,
			);
			name = Products;
			sourceTree = "<group>";
		};
		E9252F3A2A90FEBF00D8A6CE /* Drink Diary */ = {
			isa = PBXGroup;
			children = (
				E90FA32B2A928EB10001AC53 /* Models */,
				E9252F3B2A90FEBF00D8A6CE /* AppDelegate.swift */,
				E9252F3D2A90FEBF00D8A6CE /* SceneDelegate.swift */,
				E90FA3272A928E600001AC53 /* Controllers */,
				E90FA3262A928E4F0001AC53 /* Views */,
				E9252F442A90FEC000D8A6CE /* Assets.xcassets */,
				E9252F492A90FEC000D8A6CE /* Info.plist */,
			);
			path = "Drink Diary";
			sourceTree = "<group>";
		};
/* End PBXGroup section */

/* Begin PBXNativeTarget section */
		E9252F372A90FEBF00D8A6CE /* Drink Diary */ = {
			isa = PBXNativeTarget;
			buildConfigurationList = E9252F4C2A90FEC000D8A6CE /* Build configuration list for PBXNativeTarget "Drink Diary" */;
			buildPhases = (
				E9252F342A90FEBF00D8A6CE /* Sources */,
				E9252F352A90FEBF00D8A6CE /* Frameworks */,
				E9252F362A90FEBF00D8A6CE /* Resources */,
			);
			buildRules = (
			);
			dependencies = (
			);
			name = "Drink Diary";
			productName = "Drink Diary";
			productReference = E9252F382A90FEBF00D8A6CE /* Drink Diary.app */;
			productType = "com.apple.product-type.application";
		};
/* End PBXNativeTarget section */

/* Begin PBXProject section */
		E9252F302A90FEBF00D8A6CE /* Project object */ = {
			isa = PBXProject;
			attributes = {
				BuildIndependentTargetsInParallel = 1;
				LastSwiftUpdateCheck = 1430;
				LastUpgradeCheck = 1430;
				TargetAttributes = {
					E9252F372A90FEBF00D8A6CE = {
						CreatedOnToolsVersion = 14.3.1;
					};
				};
			};
			buildConfigurationList = E9252F332A90FEBF00D8A6CE /* Build configuration list for PBXProject "Drink Diary" */;
			compatibilityVersion = "Xcode 14.0";
			developmentRegion = en;
			hasScannedForEncodings = 0;
			knownRegions = (
				en,
				Base,
			);
			mainGroup = E9252F2F2A90FEBF00D8A6CE;
			productRefGroup = E9252F392A90FEBF00D8A6CE /* Products */;
			projectDirPath = "";
			projectRoot = "";
			targets = (
				E9252F372A90FEBF00D8A6CE /* Drink Diary */,
			);
		};
/* End PBXProject section */

/* Begin PBXResourcesBuildPhase section */
		E9252F362A90FEBF00D8A6CE /* Resources */ = {
			isa = PBXResourcesBuildPhase;
			buildActionMask = 2147483647;
			files = (
				E9252F482A90FEC000D8A6CE /* LaunchScreen.storyboard in Resources */,
				E9252F452A90FEC000D8A6CE /* Assets.xcassets in Resources */,
				E9252F432A90FEBF00D8A6CE /* Main.storyboard in Resources */,
			);
			runOnlyForDeploymentPostprocessing = 0;
		};
/* End PBXResourcesBuildPhase section */

/* Begin PBXSourcesBuildPhase section */
		E9252F342A90FEBF00D8A6CE /* Sources */ = {
			isa = PBXSourcesBuildPhase;
			buildActionMask = 2147483647;
			files = (
				E90FA3312A928FB20001AC53 /* HelpViewController.swift in Sources */,
				E9252F402A90FEBF00D8A6CE /* DrinkDataViewController.swift in Sources */,
				E90FA3292A928E830001AC53 /* AuthenticationModel.swift in Sources */,
				E90FA3372A9292B90001AC53 /* AuthenticationManager.swift in Sources */,
				E90FA3392A9292C60001AC53 /* DrinkDataManager.swift in Sources */,
				E90FA32F2A928F830001AC53 /* SigninViewController.swift in Sources */,
				E90FA32D2A928F650001AC53 /* SignupViewController.swift in Sources */,
				E90FA3342A928FEB0001AC53 /* DrinkDataModel.swift in Sources */,
				E9252F3C2A90FEBF00D8A6CE /* AppDelegate.swift in Sources */,
				E9252F3E2A90FEBF00D8A6CE /* SceneDelegate.swift in Sources */,
			);
			runOnlyForDeploymentPostprocessing = 0;
		};
/* End PBXSourcesBuildPhase section */

/* Begin PBXVariantGroup section */
		E9252F412A90FEBF00D8A6CE /* Main.storyboard */ = {
			isa = PBXVariantGroup;
			children = (
				E9252F422A90FEBF00D8A6CE /* Base */,
			);
			name = Main.storyboard;
			sourceTree = "<group>";
		};
		E9252F462A90FEC000D8A6CE /* LaunchScreen.storyboard */ = {
			isa = PBXVariantGroup;
			children = (
				E9252F472A90FEC000D8A6CE /* Base */,
			);
			name = LaunchScreen.storyboard;
			sourceTree = "<group>";
		};
/* End PBXVariantGroup section */

/* Begin XCBuildConfiguration section */
		E9252F4A2A90FEC000D8A6CE /* Debug */ = {
			isa = XCBuildConfiguration;
			buildSettings = {
				ALWAYS_SEARCH_USER_PATHS = NO;
				CLANG_ANALYZER_NONNULL = YES;
				CLANG_ANALYZER_NUMBER_OBJECT_CONVERSION = YES_AGGRESSIVE;
				CLANG_CXX_LANGUAGE_STANDARD = "gnu++20";
				CLANG_ENABLE_MODULES = YES;
				CLANG_ENABLE_OBJC_ARC = YES;
				CLANG_ENABLE_OBJC_WEAK = YES;
				CLANG_WARN_BLOCK_CAPTURE_AUTORELEASING = YES;
				CLANG_WARN_BOOL_CONVERSION = YES;
				CLANG_WARN_COMMA = YES;
				CLANG_WARN_CONSTANT_CONVERSION = YES;
				CLANG_WARN_DEPRECATED_OBJC_IMPLEMENTATIONS = YES;
				CLANG_WARN_DIRECT_OBJC_ISA_USAGE = YES_ERROR;
				CLANG_WARN_DOCUMENTATION_COMMENTS = YES;
				CLANG_WARN_EMPTY_BODY = YES;
				CLANG_WARN_ENUM_CONVERSION = YES;
				CLANG_WARN_INFINITE_RECURSION = YES;
				CLANG_WARN_INT_CONVERSION = YES;
				CLANG_WARN_NON_LITERAL_NULL_CONVERSION = YES;
				CLANG_WARN_OBJC_IMPLICIT_RETAIN_SELF = YES;
				CLANG_WARN_OBJC_LITERAL_CONVERSION = YES;
				CLANG_WARN_OBJC_ROOT_CLASS = YES_ERROR;
				CLANG_WARN_QUOTED_INCLUDE_IN_FRAMEWORK_HEADER = YES;
				CLANG_WARN_RANGE_LOOP_ANALYSIS = YES;
				CLANG_WARN_STRICT_PROTOTYPES = YES;
				CLANG_WARN_SUSPICIOUS_MOVE = YES;
				CLANG_WARN_UNGUARDED_AVAILABILITY = YES_AGGRESSIVE;
				CLANG_WARN_UNREACHABLE_CODE = YES;
				CLANG_WARN__DUPLICATE_METHOD_MATCH = YES;
				COPY_PHASE_STRIP = NO;
				DEBUG_INFORMATION_FORMAT = dwarf;
				ENABLE_STRICT_OBJC_MSGSEND = YES;
				ENABLE_TESTABILITY = YES;
				GCC_C_LANGUAGE_STANDARD = gnu11;
				GCC_DYNAMIC_NO_PIC = NO;
				GCC_NO_COMMON_BLOCKS = YES;
				GCC_OPTIMIZATION_LEVEL = 0;
				GCC_PREPROCESSOR_DEFINITIONS = (
					"DEBUG=1",
					"$(inherited)",
				);
				GCC_WARN_64_TO_32_BIT_CONVERSION = YES;
				GCC_WARN_ABOUT_RETURN_TYPE = YES_ERROR;
				GCC_WARN_UNDECLARED_SELECTOR = YES;
				GCC_WARN_UNINITIALIZED_AUTOS = YES_AGGRESSIVE;
				GCC_WARN_UNUSED_FUNCTION = YES;
				GCC_WARN_UNUSED_VARIABLE = YES;
				IPHONEOS_DEPLOYMENT_TARGET = 16.4;
				MTL_ENABLE_DEBUG_INFO = INCLUDE_SOURCE;
				MTL_FAST_MATH = YES;
				ONLY_ACTIVE_ARCH = YES;
				SDKROOT = iphoneos;
				SWIFT_ACTIVE_COMPILATION_CONDITIONS = DEBUG;
				SWIFT_OPTIMIZATION_LEVEL = "-Onone";
			};
			name = Debug;
		};
		E9252F4B2A90FEC000D8A6CE /* Release */ = {
			isa = XCBuildConfiguration;
			buildSettings = {
				ALWAYS_SEARCH_USER_PATHS = NO;
				CLANG_ANALYZER_NONNULL = YES;
				CLANG_ANALYZER_NUMBER_OBJECT_CONVERSION = YES_AGGRESSIVE;
				CLANG_CXX_LANGUAGE_STANDARD = "gnu++20";
				CLANG_ENABLE_MODULES = YES;
				CLANG_ENABLE_OBJC_ARC = YES;
				CLANG_ENABLE_OBJC_WEAK = YES;
				CLANG_WARN_BLOCK_CAPTURE_AUTORELEASING = YES;
				CLANG_WARN_BOOL_CONVERSION = YES;
				CLANG_WARN_COMMA = YES;
				CLANG_WARN_CONSTANT_CONVERSION = YES;
				CLANG_WARN_DEPRECATED_OBJC_IMPLEMENTATIONS = YES;
				CLANG_WARN_DIRECT_OBJC_ISA_USAGE = YES_ERROR;
				CLANG_WARN_DOCUMENTATION_COMMENTS = YES;
				CLANG_WARN_EMPTY_BODY = YES;
				CLANG_WARN_ENUM_CONVERSION = YES;
				CLANG_WARN_INFINITE_RECURSION = YES;
				CLANG_WARN_INT_CONVERSION = YES;
				CLANG_WARN_NON_LITERAL_NULL_CONVERSION = YES;
				CLANG_WARN_OBJC_IMPLICIT_RETAIN_SELF = YES;
				CLANG_WARN_OBJC_LITERAL_CONVERSION = YES;
				CLANG_WARN_OBJC_ROOT_CLASS = YES_ERROR;
				CLANG_WARN_QUOTED_INCLUDE_IN_FRAMEWORK_HEADER = YES;
				CLANG_WARN_RANGE_LOOP_ANALYSIS = YES;
				CLANG_WARN_STRICT_PROTOTYPES = YES;
				CLANG_WARN_SUSPICIOUS_MOVE = YES;
				CLANG_WARN_UNGUARDED_AVAILABILITY = YES_AGGRESSIVE;
				CLANG_WARN_UNREACHABLE_CODE = YES;
				CLANG_WARN__DUPLICATE_METHOD_MATCH = YES;
				COPY_PHASE_STRIP = NO;
				DEBUG_INFORMATION_FORMAT = "dwarf-with-dsym";
				ENABLE_NS_ASSERTIONS = NO;
				ENABLE_STRICT_OBJC_MSGSEND = YES;
				GCC_C_LANGUAGE_STANDARD = gnu11;
				GCC_NO_COMMON_BLOCKS = YES;
				GCC_WARN_64_TO_32_BIT_CONVERSION = YES;
				GCC_WARN_ABOUT_RETURN_TYPE = YES_ERROR;
				GCC_WARN_UNDECLARED_SELECTOR = YES;
				GCC_WARN_UNINITIALIZED_AUTOS = YES_AGGRESSIVE;
				GCC_WARN_UNUSED_FUNCTION = YES;
				GCC_WARN_UNUSED_VARIABLE = YES;
				IPHONEOS_DEPLOYMENT_TARGET = 16.4;
				MTL_ENABLE_DEBUG_INFO = NO;
				MTL_FAST_MATH = YES;
				SDKROOT = iphoneos;
				SWIFT_COMPILATION_MODE = wholemodule;
				SWIFT_OPTIMIZATION_LEVEL = "-O";
				VALIDATE_PRODUCT = YES;
			};
			name = Release;
		};
		E9252F4D2A90FEC000D8A6CE /* Debug */ = {
			isa = XCBuildConfiguration;
			buildSettings = {
				ASSETCATALOG_COMPILER_APPICON_NAME = AppIcon;
				ASSETCATALOG_COMPILER_GLOBAL_ACCENT_COLOR_NAME = AccentColor;
				CODE_SIGN_STYLE = Automatic;
				CURRENT_PROJECT_VERSION = 1;
				DEVELOPMENT_TEAM = 699B45TF7E;
				GENERATE_INFOPLIST_FILE = YES;
				INFOPLIST_FILE = "Drink Diary/Info.plist";
				INFOPLIST_KEY_CFBundleDisplayName = "Drink Diary";
				INFOPLIST_KEY_LSApplicationCategoryType = "public.app-category.healthcare-fitness";
				INFOPLIST_KEY_UIApplicationSupportsIndirectInputEvents = YES;
				INFOPLIST_KEY_UILaunchStoryboardName = LaunchScreen.storyboard;
				INFOPLIST_KEY_UIMainStoryboardFile = Main;
				INFOPLIST_KEY_UIRequiresFullScreen = YES;
				INFOPLIST_KEY_UIStatusBarStyle = "";
				INFOPLIST_KEY_UISupportedInterfaceOrientations_iPad = "UIInterfaceOrientationPortrait UIInterfaceOrientationPortraitUpsideDown UIInterfaceOrientationLandscapeLeft UIInterfaceOrientationLandscapeRight";
				INFOPLIST_KEY_UISupportedInterfaceOrientations_iPhone = "UIInterfaceOrientationPortrait UIInterfaceOrientationLandscapeLeft UIInterfaceOrientationLandscapeRight";
				LD_RUNPATH_SEARCH_PATHS = (
					"$(inherited)",
					"@executable_path/Frameworks",
				);
				MARKETING_VERSION = 1.0;
				PRODUCT_BUNDLE_IDENTIFIER = "com.satyamsovan123.Drink-Diary";
				PRODUCT_NAME = "$(TARGET_NAME)";
				SUPPORTED_PLATFORMS = "iphoneos iphonesimulator";
				SUPPORTS_MACCATALYST = NO;
				SUPPORTS_MAC_DESIGNED_FOR_IPHONE_IPAD = NO;
				SWIFT_EMIT_LOC_STRINGS = YES;
				SWIFT_VERSION = 5.0;
				TARGETED_DEVICE_FAMILY = "1,2";
			};
			name = Debug;
		};
		E9252F4E2A90FEC000D8A6CE /* Release */ = {
			isa = XCBuildConfiguration;
			buildSettings = {
				ASSETCATALOG_COMPILER_APPICON_NAME = AppIcon;
				ASSETCATALOG_COMPILER_GLOBAL_ACCENT_COLOR_NAME = AccentColor;
				CODE_SIGN_STYLE = Automatic;
				CURRENT_PROJECT_VERSION = 1;
				DEVELOPMENT_TEAM = 699B45TF7E;
				GENERATE_INFOPLIST_FILE = YES;
				INFOPLIST_FILE = "Drink Diary/Info.plist";
				INFOPLIST_KEY_CFBundleDisplayName = "Drink Diary";
				INFOPLIST_KEY_LSApplicationCategoryType = "public.app-category.healthcare-fitness";
				INFOPLIST_KEY_UIApplicationSupportsIndirectInputEvents = YES;
				INFOPLIST_KEY_UILaunchStoryboardName = LaunchScreen.storyboard;
				INFOPLIST_KEY_UIMainStoryboardFile = Main;
				INFOPLIST_KEY_UIRequiresFullScreen = YES;
				INFOPLIST_KEY_UIStatusBarStyle = "";
				INFOPLIST_KEY_UISupportedInterfaceOrientations_iPad = "UIInterfaceOrientationPortrait UIInterfaceOrientationPortraitUpsideDown UIInterfaceOrientationLandscapeLeft UIInterfaceOrientationLandscapeRight";
				INFOPLIST_KEY_UISupportedInterfaceOrientations_iPhone = "UIInterfaceOrientationPortrait UIInterfaceOrientationLandscapeLeft UIInterfaceOrientationLandscapeRight";
				LD_RUNPATH_SEARCH_PATHS = (
					"$(inherited)",
					"@executable_path/Frameworks",
				);
				MARKETING_VERSION = 1.0;
				PRODUCT_BUNDLE_IDENTIFIER = "com.satyamsovan123.Drink-Diary";
				PRODUCT_NAME = "$(TARGET_NAME)";
				SUPPORTED_PLATFORMS = "iphoneos iphonesimulator";
				SUPPORTS_MACCATALYST = NO;
				SUPPORTS_MAC_DESIGNED_FOR_IPHONE_IPAD = NO;
				SWIFT_EMIT_LOC_STRINGS = YES;
				SWIFT_VERSION = 5.0;
				TARGETED_DEVICE_FAMILY = "1,2";
			};
			name = Release;
		};
/* End XCBuildConfiguration section */

/* Begin XCConfigurationList section */
		E9252F332A90FEBF00D8A6CE /* Build configuration list for PBXProject "Drink Diary" */ = {
			isa = XCConfigurationList;
			buildConfigurations = (
				E9252F4A2A90FEC000D8A6CE /* Debug */,
				E9252F4B2A90FEC000D8A6CE /* Release */,
			);
			defaultConfigurationIsVisible = 0;
			defaultConfigurationName = Release;
		};
		E9252F4C2A90FEC000D8A6CE /* Build configuration list for PBXNativeTarget "Drink Diary" */ = {
			isa = XCConfigurationList;
			buildConfigurations = (
				E9252F4D2A90FEC000D8A6CE /* Debug */,
				E9252F4E2A90FEC000D8A6CE /* Release */,
			);
			defaultConfigurationIsVisible = 0;
			defaultConfigurationName = Release;
		};
/* End XCConfigurationList section */
	};
	rootObject = E9252F302A90FEBF00D8A6CE /* Project object */;
}
